PODS:
  - Capacitor (5.6.0):
    - CapacitorCordova
  - CapacitorCommunitySqlite (5.5.2):
    - Capacitor
    - SQLCipher
    - ZIPFoundation
  - CapacitorCordova (5.6.0)
  - CapacitorFilesystem (5.2.1):
    - Capacitor
  - CapacitorSecureStoragePlugin (0.9.0):
    - Capacitor
    - SwiftKeychainWrapper
  - SQLCipher (4.5.6):
    - SQLCipher/standard (= 4.5.6)
  - SQLCipher/common (4.5.6)
  - SQLCipher/standard (4.5.6):
    - SQLCipher/common
  - SwiftKeychainWrapper (4.0.1)
  - ZIPFoundation (0.9.16)

DEPENDENCIES:
  - "Capacitor (from `../../node_modules/@capacitor/ios`)"
  - "CapacitorCommunitySqlite (from `../../node_modules/@capacitor-community/sqlite`)"
  - "CapacitorCordova (from `../../node_modules/@capacitor/ios`)"
  - "CapacitorFilesystem (from `../../node_modules/@capacitor/filesystem`)"
  - CapacitorSecureStoragePlugin (from `../../node_modules/capacitor-secure-storage-plugin`)

SPEC REPOS:
  trunk:
    - SQLCipher
    - SwiftKeychainWrapper
    - ZIPFoundation

EXTERNAL SOURCES:
  Capacitor:
    :path: "../../node_modules/@capacitor/ios"
  CapacitorCommunitySqlite:
    :path: "../../node_modules/@capacitor-community/sqlite"
  CapacitorCordova:
    :path: "../../node_modules/@capacitor/ios"
  CapacitorFilesystem:
    :path: "../../node_modules/@capacitor/filesystem"
  CapacitorSecureStoragePlugin:
    :path: "../../node_modules/capacitor-secure-storage-plugin"

SPEC CHECKSUMS:
  Capacitor: ebfc16cdb8116d04c101686b080342872da42d43
  CapacitorCommunitySqlite: f010c87252f297bd354745f48c1151ee919d81d2
  CapacitorCordova: 931b48fcdbc9bc985fc2f16cec9f77c794a27729
  CapacitorFilesystem: 9f3e3c7fea2fff12f46dd5b07a2914f2103e4cfc
  CapacitorSecureStoragePlugin: e91d7df060f2495a1acff9583641a6953e3aacba
  SQLCipher: 838309284f29953a28ad2e81d87d55ea6b7c74fd
  SwiftKeychainWrapper: 807ba1d63c33a7d0613288512399cd1eda1e470c
  ZIPFoundation: d170fa8e270b2a32bef9dcdcabff5b8f1a5deced

PODFILE CHECKSUM: 32891440b9ffa230ea0f91c2cec0d495b4ddc8a7

COCOAPODS: 1.15.0
